
Microsoft Visual Studio Solution File, Format Version 12.00
# Visual Studio 14
VisualStudioVersion = 14.0.24720.0
MinimumVisualStudioVersion = 10.0.40219.1
Project("{FAE04EC0-301F-11D3-BF4B-00C04F79EFBC}") = "PB_Grammar", "PB_Grammar\PB_Grammar.csproj", "{28507D75-70B3-4772-9092-E9F7C266B348}"
EndProject
Project("{FAE04EC0-301F-11D3-BF4B-00C04F79EFBC}") = "AGrammar", "AGrammar\AGrammar.csproj", "{9025FBE5-4590-4596-893A-9B061B4DBABD}"
EndProject
Global
	GlobalSection(SolutionConfigurationPlatforms) = preSolution
		Debug|Any CPU = Debug|Any CPU
		Release|Any CPU = Release|Any CPU
	EndGlobalSection
	GlobalSection(ProjectConfigurationPlatforms) = postSolution
		{28507D75-70B3-4772-9092-E9F7C266B348}.Debug|Any CPU.ActiveCfg = Debug|Any CPU
		{28507D75-70B3-4772-9092-E9F7C266B348}.Debug|Any CPU.Build.0 = Debug|Any CPU
		{28507D75-70B3-4772-9092-E9F7C266B348}.Release|Any CPU.ActiveCfg = Release|Any CPU
		{28507D75-70B3-4772-9092-E9F7C266B348}.Release|Any CPU.Build.0 = Release|Any CPU
		{9025FBE5-4590-4596-893A-9B061B4DBABD}.Debug|Any CPU.ActiveCfg = Debug|Any CPU
		{9025FBE5-4590-4596-893A-9B061B4DBABD}.Debug|Any CPU.Build.0 = Debug|Any CPU
		{9025FBE5-4590-4596-893A-9B061B4DBABD}.Release|Any CPU.ActiveCfg = Release|Any CPU
		{9025FBE5-4590-4596-893A-9B061B4DBABD}.Release|Any CPU.Build.0 = Release|Any CPU
	EndGlobalSection
	GlobalSection(SolutionProperties) = preSolution
		HideSolutionNode = FALSE
	EndGlobalSection
EndGlobal
